// !$*UTF8*$!
{
	archiveVersion = 1;
	classes = {
	};
	objectVersion = 46;
	objects = {

/* Begin PBXBuildFile section */
		A258DD2D1FA6E67C0081CE6D /* AppDelegate.swift in Sources */ = {isa = PBXBuildFile; fileRef = A258DD2C1FA6E67C0081CE6D /* AppDelegate.swift */; };
		A258DD2F1FA6E67C0081CE6D /* ViewController.swift in Sources */ = {isa = PBXBuildFile; fileRef = A258DD2E1FA6E67C0081CE6D /* ViewController.swift */; };
		A258DD321FA6E67C0081CE6D /* Main.storyboard in Resources */ = {isa = PBXBuildFile; fileRef = A258DD301FA6E67C0081CE6D /* Main.storyboard */; };
		A258DD341FA6E67C0081CE6D /* Assets.xcassets in Resources */ = {isa = PBXBuildFile; fileRef = A258DD331FA6E67C0081CE6D /* Assets.xcassets */; };
		A258DD371FA6E67C0081CE6D /* LaunchScreen.storyboard in Resources */ = {isa = PBXBuildFile; fileRef = A258DD351FA6E67C0081CE6D /* LaunchScreen.storyboard */; };
		A258DD3F1FA6E6C40081CE6D /* Item.swift in Sources */ = {isa = PBXBuildFile; fileRef = A258DD3E1FA6E6C40081CE6D /* Item.swift */; };
		A258DD411FA6E6D90081CE6D /* Store.swift in Sources */ = {isa = PBXBuildFile; fileRef = A258DD401FA6E6D90081CE6D /* Store.swift */; };
		A258DD431FA6E6E90081CE6D /* Category.swift in Sources */ = {isa = PBXBuildFile; fileRef = A258DD421FA6E6E90081CE6D /* Category.swift */; };
		A258DD451FA6E6F70081CE6D /* Cart.swift in Sources */ = {isa = PBXBuildFile; fileRef = A258DD441FA6E6F70081CE6D /* Cart.swift */; };
		A258DD471FA6EAA30081CE6D /* AddItemViewController.swift in Sources */ = {isa = PBXBuildFile; fileRef = A258DD461FA6EAA30081CE6D /* AddItemViewController.swift */; };
		A258DD491FA6EFDB0081CE6D /* ItemsViewController.swift in Sources */ = {isa = PBXBuildFile; fileRef = A258DD481FA6EFDB0081CE6D /* ItemsViewController.swift */; };
		A258DD4D1FA6F4F50081CE6D /* SearchItemViewController.swift in Sources */ = {isa = PBXBuildFile; fileRef = A258DD4C1FA6F4F50081CE6D /* SearchItemViewController.swift */; };
		A258DD4F1FA6F7430081CE6D /* DeleteItemViewController.swift in Sources */ = {isa = PBXBuildFile; fileRef = A258DD4E1FA6F7430081CE6D /* DeleteItemViewController.swift */; };
/* End PBXBuildFile section */

/* Begin PBXFileReference section */
		A258DD291FA6E67C0081CE6D /* Wishlist2.app */ = {isa = PBXFileReference; explicitFileType = wrapper.application; includeInIndex = 0; path = Wishlist2.app; sourceTree = BUILT_PRODUCTS_DIR; };
		A258DD2C1FA6E67C0081CE6D /* AppDelegate.swift */ = {isa = PBXFileReference; lastKnownFileType = sourcecode.swift; path = AppDelegate.swift; sourceTree = "<group>"; };
		A258DD2E1FA6E67C0081CE6D /* ViewController.swift */ = {isa = PBXFileReference; lastKnownFileType = sourcecode.swift; path = ViewController.swift; sourceTree = "<group>"; };
		A258DD311FA6E67C0081CE6D /* Base */ = {isa = PBXFileReference; lastKnownFileType = file.storyboard; name = Base; path = Base.lproj/Main.storyboard; sourceTree = "<group>"; };
		A258DD331FA6E67C0081CE6D /* Assets.xcassets */ = {isa = PBXFileReference; lastKnownFileType = folder.assetcatalog; path = Assets.xcassets; sourceTree = "<group>"; };
		A258DD361FA6E67C0081CE6D /* Base */ = {isa = PBXFileReference; lastKnownFileType = file.storyboard; name = Base; path = Base.lproj/LaunchScreen.storyboard; sourceTree = "<group>"; };
		A258DD381FA6E67C0081CE6D /* Info.plist */ = {isa = PBXFileReference; lastKnownFileType = text.plist.xml; path = Info.plist; sourceTree = "<group>"; };
		A258DD3E1FA6E6C40081CE6D /* Item.swift */ = {isa = PBXFileReference; fileEncoding = 4; lastKnownFileType = sourcecode.swift; path = Item.swift; sourceTree = "<group>"; };
		A258DD401FA6E6D90081CE6D /* Store.swift */ = {isa = PBXFileReference; fileEncoding = 4; lastKnownFileType = sourcecode.swift; path = Store.swift; sourceTree = "<group>"; };
		A258DD421FA6E6E90081CE6D /* Category.swift */ = {isa = PBXFileReference; fileEncoding = 4; lastKnownFileType = sourcecode.swift; path = Category.swift; sourceTree = "<group>"; };
		A258DD441FA6E6F70081CE6D /* Cart.swift */ = {isa = PBXFileReference; fileEncoding = 4; lastKnownFileType = sourcecode.swift; path = Cart.swift; sourceTree = "<group>"; };
		A258DD461FA6EAA30081CE6D /* AddItemViewController.swift */ = {isa = PBXFileReference; fileEncoding = 4; lastKnownFileType = sourcecode.swift; path = AddItemViewController.swift; sourceTree = "<group>"; };
		A258DD481FA6EFDB0081CE6D /* ItemsViewController.swift */ = {isa = PBXFileReference; fileEncoding = 4; lastKnownFileType = sourcecode.swift; path = ItemsViewController.swift; sourceTree = "<group>"; };
		A258DD4C1FA6F4F50081CE6D /* SearchItemViewController.swift */ = {isa = PBXFileReference; fileEncoding = 4; lastKnownFileType = sourcecode.swift; path = SearchItemViewController.swift; sourceTree = "<group>"; };
		A258DD4E1FA6F7430081CE6D /* DeleteItemViewController.swift */ = {isa = PBXFileReference; fileEncoding = 4; lastKnownFileType = sourcecode.swift; path = DeleteItemViewController.swift; sourceTree = "<group>"; };
/* End PBXFileReference section */

/* Begin PBXFrameworksBuildPhase section */
		A258DD261FA6E67C0081CE6D /* Frameworks */ = {
			isa = PBXFrameworksBuildPhase;
			buildActionMask = 2147483647;
			files = (
			);
			runOnlyForDeploymentPostprocessing = 0;
		};
/* End PBXFrameworksBuildPhase section */

/* Begin PBXGroup section */
		A258DD201FA6E67B0081CE6D = {
			isa = PBXGroup;
			children = (
				A258DD2B1FA6E67C0081CE6D /* Wishlist2 */,
				A258DD2A1FA6E67C0081CE6D /* Products */,
			);
			sourceTree = "<group>";
		};
		A258DD2A1FA6E67C0081CE6D /* Products */ = {
			isa = PBXGroup;
			children = (
				A258DD291FA6E67C0081CE6D /* Wishlist2.app */,
			);
			name = Products;
			sourceTree = "<group>";
		};
		A258DD2B1FA6E67C0081CE6D /* Wishlist2 */ = {
			isa = PBXGroup;
			children = (
				A258DD2C1FA6E67C0081CE6D /* AppDelegate.swift */,
				A258DD2E1FA6E67C0081CE6D /* ViewController.swift */,
				A258DD301FA6E67C0081CE6D /* Main.storyboard */,
				A258DD331FA6E67C0081CE6D /* Assets.xcassets */,
				A258DD351FA6E67C0081CE6D /* LaunchScreen.storyboard */,
				A258DD381FA6E67C0081CE6D /* Info.plist */,
				A258DD3E1FA6E6C40081CE6D /* Item.swift */,
				A258DD401FA6E6D90081CE6D /* Store.swift */,
				A258DD421FA6E6E90081CE6D /* Category.swift */,
				A258DD441FA6E6F70081CE6D /* Cart.swift */,
				A258DD461FA6EAA30081CE6D /* AddItemViewController.swift */,
				A258DD481FA6EFDB0081CE6D /* ItemsViewController.swift */,
				A258DD4C1FA6F4F50081CE6D /* SearchItemViewController.swift */,
				A258DD4E1FA6F7430081CE6D /* DeleteItemViewController.swift */,
			);
			path = Wishlist2;
			sourceTree = "<group>";
		};
/* End PBXGroup section */

/* Begin PBXNativeTarget section */
		A258DD281FA6E67C0081CE6D /* Wishlist2 */ = {
			isa = PBXNativeTarget;
			buildConfigurationList = A258DD3B1FA6E67C0081CE6D /* Build configuration list for PBXNativeTarget "Wishlist2" */;
			buildPhases = (
				A258DD251FA6E67C0081CE6D /* Sources */,
				A258DD261FA6E67C0081CE6D /* Frameworks */,
				A258DD271FA6E67C0081CE6D /* Resources */,
			);
			buildRules = (
			);
			dependencies = (
			);
			name = Wishlist2;
			productName = Wishlist2;
			productReference = A258DD291FA6E67C0081CE6D /* Wishlist2.app */;
			productType = "com.apple.product-type.application";
		};
/* End PBXNativeTarget section */

/* Begin PBXProject section */
		A258DD211FA6E67B0081CE6D /* Project object */ = {
			isa = PBXProject;
			attributes = {
				LastSwiftUpdateCheck = 0830;
				LastUpgradeCheck = 0830;
				ORGANIZATIONNAME = "Pushkar Khedekar";
				TargetAttributes = {
					A258DD281FA6E67C0081CE6D = {
						CreatedOnToolsVersion = 8.3.3;
						ProvisioningStyle = Automatic;
					};
				};
			};
			buildConfigurationList = A258DD241FA6E67B0081CE6D /* Build configuration list for PBXProject "Wishlist2" */;
			compatibilityVersion = "Xcode 3.2";
			developmentRegion = English;
			hasScannedForEncodings = 0;
			knownRegions = (
				en,
				Base,
			);
			mainGroup = A258DD201FA6E67B0081CE6D;
			productRefGroup = A258DD2A1FA6E67C0081CE6D /* Products */;
			projectDirPath = "";
			projectRoot = "";
			targets = (
				A258DD281FA6E67C0081CE6D /* Wishlist2 */,
			);
		};
/* End PBXProject section */

/* Begin PBXResourcesBuildPhase section */
		A258DD271FA6E67C0081CE6D /* Resources */ = {
			isa = PBXResourcesBuildPhase;
			buildActionMask = 2147483647;
			files = (
				A258DD371FA6E67C0081CE6D /* LaunchScreen.storyboard in Resources */,
				A258DD341FA6E67C0081CE6D /* Assets.xcassets in Resources */,
				A258DD321FA6E67C0081CE6D /* Main.storyboard in Resources */,
			);
			runOnlyForDeploymentPostprocessing = 0;
		};
/* End PBXResourcesBuildPhase section */

/* Begin PBXSourcesBuildPhase section */
		A258DD251FA6E67C0081CE6D /* Sources */ = {
			isa = PBXSourcesBuildPhase;
			buildActionMask = 2147483647;
			files = (
				A258DD2F1FA6E67C0081CE6D /* ViewController.swift in Sources */,
				A258DD451FA6E6F70081CE6D /* Cart.swift in Sources */,
				A258DD431FA6E6E90081CE6D /* Category.swift in Sources */,
				A258DD3F1FA6E6C40081CE6D /* Item.swift in Sources */,
				A258DD4F1FA6F7430081CE6D /* DeleteItemViewController.swift in Sources */,
				A258DD471FA6EAA30081CE6D /* AddItemViewController.swift in Sources */,
				A258DD4D1FA6F4F50081CE6D /* SearchItemViewController.swift in Sources */,
				A258DD491FA6EFDB0081CE6D /* ItemsViewController.swift in Sources */,
				A258DD2D1FA6E67C0081CE6D /* AppDelegate.swift in Sources */,
				A258DD411FA6E6D90081CE6D /* Store.swift in Sources */,
			);
			runOnlyForDeploymentPostprocessing = 0;
		};
/* End PBXSourcesBuildPhase section */

/* Begin PBXVariantGroup section */
		A258DD301FA6E67C0081CE6D /* Main.storyboard */ = {
			isa = PBXVariantGroup;
			children = (
				A258DD311FA6E67C0081CE6D /* Base */,
			);
			name = Main.storyboard;
			sourceTree = "<group>";
		};
		A258DD351FA6E67C0081CE6D /* LaunchScreen.storyboard */ = {
			isa = PBXVariantGroup;
			children = (
				A258DD361FA6E67C0081CE6D /* Base */,
			);
			name = LaunchScreen.storyboard;
			sourceTree = "<group>";
		};
/* End PBXVariantGroup section */

/* Begin XCBuildConfiguration section */
		A258DD391FA6E67C0081CE6D /* Debug */ = {
			isa = XCBuildConfiguration;
			buildSettings = {
				ALWAYS_SEARCH_USER_PATHS = NO;
				CLANG_ANALYZER_NONNULL = YES;
				CLANG_ANALYZER_NUMBER_OBJECT_CONVERSION = YES_AGGRESSIVE;
				CLANG_CXX_LANGUAGE_STANDARD = "gnu++0x";
				CLANG_CXX_LIBRARY = "libc++";
				CLANG_ENABLE_MODULES = YES;
				CLANG_ENABLE_OBJC_ARC = YES;
				CLANG_WARN_BOOL_CONVERSION = YES;
				CLANG_WARN_CONSTANT_CONVERSION = YES;
				CLANG_WARN_DIRECT_OBJC_ISA_USAGE = YES_ERROR;
				CLANG_WARN_DOCUMENTATION_COMMENTS = YES;
				CLANG_WARN_EMPTY_BODY = YES;
				CLANG_WARN_ENUM_CONVERSION = YES;
				CLANG_WARN_INFINITE_RECURSION = YES;
				CLANG_WARN_INT_CONVERSION = YES;
				CLANG_WARN_OBJC_ROOT_CLASS = YES_ERROR;
				CLANG_WARN_SUSPICIOUS_MOVE = YES;
				CLANG_WARN_UNREACHABLE_CODE = YES;
				CLANG_WARN__DUPLICATE_METHOD_MATCH = YES;
				"CODE_SIGN_IDENTITY[sdk=iphoneos*]" = "iPhone Developer";
				COPY_PHASE_STRIP = NO;
				DEBUG_INFORMATION_FORMAT = dwarf;
				ENABLE_STRICT_OBJC_MSGSEND = YES;
				ENABLE_TESTABILITY = YES;
				GCC_C_LANGUAGE_STANDARD = gnu99;
				GCC_DYNAMIC_NO_PIC = NO;
				GCC_NO_COMMON_BLOCKS = YES;
				GCC_OPTIMIZATION_LEVEL = 0;
				GCC_PREPROCESSOR_DEFINITIONS = (
					"DEBUG=1",
					"$(inherited)",
				);
				GCC_WARN_64_TO_32_BIT_CONVERSION = YES;
				GCC_WARN_ABOUT_RETURN_TYPE = YES_ERROR;
				GCC_WARN_UNDECLARED_SELECTOR = YES;
				GCC_WARN_UNINITIALIZED_AUTOS = YES_AGGRESSIVE;
				GCC_WARN_UNUSED_FUNCTION = YES;
				GCC_WARN_UNUSED_VARIABLE = YES;
				IPHONEOS_DEPLOYMENT_TARGET = 10.3;
				MTL_ENABLE_DEBUG_INFO = YES;
				ONLY_ACTIVE_ARCH = YES;
				SDKROOT = iphoneos;
				SWIFT_ACTIVE_COMPILATION_CONDITIONS = DEBUG;
				SWIFT_OPTIMIZATION_LEVEL = "-Onone";
			};
			name = Debug;
		};
		A258DD3A1FA6E67C0081CE6D /* Release */ = {
			isa = XCBuildConfiguration;
			buildSettings = {
				ALWAYS_SEARCH_USER_PATHS = NO;
				CLANG_ANALYZER_NONNULL = YES;
				CLANG_ANALYZER_NUMBER_OBJECT_CONVERSION = YES_AGGRESSIVE;
				CLANG_CXX_LANGUAGE_STANDARD = "gnu++0x";
				CLANG_CXX_LIBRARY = "libc++";
				CLANG_ENABLE_MODULES = YES;
				CLANG_ENABLE_OBJC_ARC = YES;
				CLANG_WARN_BOOL_CONVERSION = YES;
				CLANG_WARN_CONSTANT_CONVERSION = YES;
				CLANG_WARN_DIRECT_OBJC_ISA_USAGE = YES_ERROR;
				CLANG_WARN_DOCUMENTATION_COMMENTS = YES;
				CLANG_WARN_EMPTY_BODY = YES;
				CLANG_WARN_ENUM_CONVERSION = YES;
				CLANG_WARN_INFINITE_RECURSION = YES;
				CLANG_WARN_INT_CONVERSION = YES;
				CLANG_WARN_OBJC_ROOT_CLASS = YES_ERROR;
				CLANG_WARN_SUSPICIOUS_MOVE = YES;
				CLANG_WARN_UNREACHABLE_CODE = YES;
				CLANG_WARN__DUPLICATE_METHOD_MATCH = YES;
				"CODE_SIGN_IDENTITY[sdk=iphoneos*]" = "iPhone Developer";
				COPY_PHASE_STRIP = NO;
				DEBUG_INFORMATION_FORMAT = "dwarf-with-dsym";
				ENABLE_NS_ASSERTIONS = NO;
				ENABLE_STRICT_OBJC_MSGSEND = YES;
				GCC_C_LANGUAGE_STANDARD = gnu99;
				GCC_NO_COMMON_BLOCKS = YES;
				GCC_WARN_64_TO_32_BIT_CONVERSION = YES;
				GCC_WARN_ABOUT_RETURN_TYPE = YES_ERROR;
				GCC_WARN_UNDECLARED_SELECTOR = YES;
				GCC_WARN_UNINITIALIZED_AUTOS = YES_AGGRESSIVE;
				GCC_WARN_UNUSED_FUNCTION = YES;
				GCC_WARN_UNUSED_VARIABLE = YES;
				IPHONEOS_DEPLOYMENT_TARGET = 10.3;
				MTL_ENABLE_DEBUG_INFO = NO;
				SDKROOT = iphoneos;
				SWIFT_OPTIMIZATION_LEVEL = "-Owholemodule";
				VALIDATE_PRODUCT = YES;
			};
			name = Release;
		};
		A258DD3C1FA6E67C0081CE6D /* Debug */ = {
			isa = XCBuildConfiguration;
			buildSettings = {
				ASSETCATALOG_COMPILER_APPICON_NAME = AppIcon;
				INFOPLIST_FILE = Wishlist2/Info.plist;
				LD_RUNPATH_SEARCH_PATHS = "$(inherited) @executable_path/Frameworks";
				PRODUCT_BUNDLE_IDENTIFIER = com.shop.Wishlist2;
				PRODUCT_NAME = "$(TARGET_NAME)";
				SWIFT_VERSION = 3.0;
			};
			name = Debug;
		};
		A258DD3D1FA6E67C0081CE6D /* Release */ = {
			isa = XCBuildConfiguration;
			buildSettings = {
				ASSETCATALOG_COMPILER_APPICON_NAME = AppIcon;
				INFOPLIST_FILE = Wishlist2/Info.plist;
				LD_RUNPATH_SEARCH_PATHS = "$(inherited) @executable_path/Frameworks";
				PRODUCT_BUNDLE_IDENTIFIER = com.shop.Wishlist2;
				PRODUCT_NAME = "$(TARGET_NAME)";
				SWIFT_VERSION = 3.0;
			};
			name = Release;
		};
/* End XCBuildConfiguration section */

/* Begin XCConfigurationList section */
		A258DD241FA6E67B0081CE6D /* Build configuration list for PBXProject "Wishlist2" */ = {
			isa = XCConfigurationList;
			buildConfigurations = (
				A258DD391FA6E67C0081CE6D /* Debug */,
				A258DD3A1FA6E67C0081CE6D /* Release */,
			);
			defaultConfigurationIsVisible = 0;
			defaultConfigurationName = Release;
		};
		A258DD3B1FA6E67C0081CE6D /* Build configuration list for PBXNativeTarget "Wishlist2" */ = {
			isa = XCConfigurationList;
			buildConfigurations = (
				A258DD3C1FA6E67C0081CE6D /* Debug */,
				A258DD3D1FA6E67C0081CE6D /* Release */,
			);
			defaultConfigurationIsVisible = 0;
			defaultConfigurationName = Release;
		};
/* End XCConfigurationList section */
	};
	rootObject = A258DD211FA6E67B0081CE6D /* Project object */;
}
