// !$*UTF8*$!
{
	archiveVersion = 1;
	classes = {
	};
	objectVersion = 46;
	objects = {

/* Begin PBXBuildFile section */
		A229FB171FB8F62100BDDCD0 /* AppDelegate.swift in Sources */ = {isa = PBXBuildFile; fileRef = A229FB161FB8F62100BDDCD0 /* AppDelegate.swift */; };
		A229FB191FB8F62100BDDCD0 /* ViewController.swift in Sources */ = {isa = PBXBuildFile; fileRef = A229FB181FB8F62100BDDCD0 /* ViewController.swift */; };
		A229FB1C1FB8F62100BDDCD0 /* Main.storyboard in Resources */ = {isa = PBXBuildFile; fileRef = A229FB1A1FB8F62100BDDCD0 /* Main.storyboard */; };
		A229FB1E1FB8F62100BDDCD0 /* Assets.xcassets in Resources */ = {isa = PBXBuildFile; fileRef = A229FB1D1FB8F62100BDDCD0 /* Assets.xcassets */; };
		A229FB211FB8F62100BDDCD0 /* LaunchScreen.storyboard in Resources */ = {isa = PBXBuildFile; fileRef = A229FB1F1FB8F62100BDDCD0 /* LaunchScreen.storyboard */; };
		A229FB291FB8F6D900BDDCD0 /* Item.swift in Sources */ = {isa = PBXBuildFile; fileRef = A229FB281FB8F6D900BDDCD0 /* Item.swift */; };
		A229FB2B1FB8F70A00BDDCD0 /* Store.swift in Sources */ = {isa = PBXBuildFile; fileRef = A229FB2A1FB8F70A00BDDCD0 /* Store.swift */; };
		A229FB2D1FB8F73300BDDCD0 /* Category.swift in Sources */ = {isa = PBXBuildFile; fileRef = A229FB2C1FB8F73300BDDCD0 /* Category.swift */; };
		A229FB2F1FB8F79900BDDCD0 /* Cart.swift in Sources */ = {isa = PBXBuildFile; fileRef = A229FB2E1FB8F79900BDDCD0 /* Cart.swift */; };
		A229FB311FB8F7D100BDDCD0 /* CellView.swift in Sources */ = {isa = PBXBuildFile; fileRef = A229FB301FB8F7D100BDDCD0 /* CellView.swift */; };
		A229FB331FB8F98300BDDCD0 /* AddItemController.swift in Sources */ = {isa = PBXBuildFile; fileRef = A229FB321FB8F98300BDDCD0 /* AddItemController.swift */; };
		A229FB371FB9032E00BDDCD0 /* DisplayListViewController.swift in Sources */ = {isa = PBXBuildFile; fileRef = A229FB361FB9032E00BDDCD0 /* DisplayListViewController.swift */; };
		A229FB391FB912BC00BDDCD0 /* ItemDetailViewController.swift in Sources */ = {isa = PBXBuildFile; fileRef = A229FB381FB912BC00BDDCD0 /* ItemDetailViewController.swift */; };
/* End PBXBuildFile section */

/* Begin PBXFileReference section */
		A229FB131FB8F62100BDDCD0 /* WishListApp.app */ = {isa = PBXFileReference; explicitFileType = wrapper.application; includeInIndex = 0; path = WishListApp.app; sourceTree = BUILT_PRODUCTS_DIR; };
		A229FB161FB8F62100BDDCD0 /* AppDelegate.swift */ = {isa = PBXFileReference; lastKnownFileType = sourcecode.swift; path = AppDelegate.swift; sourceTree = "<group>"; };
		A229FB181FB8F62100BDDCD0 /* ViewController.swift */ = {isa = PBXFileReference; lastKnownFileType = sourcecode.swift; path = ViewController.swift; sourceTree = "<group>"; };
		A229FB1B1FB8F62100BDDCD0 /* Base */ = {isa = PBXFileReference; lastKnownFileType = file.storyboard; name = Base; path = Base.lproj/Main.storyboard; sourceTree = "<group>"; };
		A229FB1D1FB8F62100BDDCD0 /* Assets.xcassets */ = {isa = PBXFileReference; lastKnownFileType = folder.assetcatalog; path = Assets.xcassets; sourceTree = "<group>"; };
		A229FB201FB8F62100BDDCD0 /* Base */ = {isa = PBXFileReference; lastKnownFileType = file.storyboard; name = Base; path = Base.lproj/LaunchScreen.storyboard; sourceTree = "<group>"; };
		A229FB221FB8F62100BDDCD0 /* Info.plist */ = {isa = PBXFileReference; lastKnownFileType = text.plist.xml; path = Info.plist; sourceTree = "<group>"; };
		A229FB281FB8F6D900BDDCD0 /* Item.swift */ = {isa = PBXFileReference; fileEncoding = 4; lastKnownFileType = sourcecode.swift; path = Item.swift; sourceTree = "<group>"; };
		A229FB2A1FB8F70A00BDDCD0 /* Store.swift */ = {isa = PBXFileReference; fileEncoding = 4; lastKnownFileType = sourcecode.swift; path = Store.swift; sourceTree = "<group>"; };
		A229FB2C1FB8F73300BDDCD0 /* Category.swift */ = {isa = PBXFileReference; fileEncoding = 4; lastKnownFileType = sourcecode.swift; path = Category.swift; sourceTree = "<group>"; };
		A229FB2E1FB8F79900BDDCD0 /* Cart.swift */ = {isa = PBXFileReference; fileEncoding = 4; lastKnownFileType = sourcecode.swift; path = Cart.swift; sourceTree = "<group>"; };
		A229FB301FB8F7D100BDDCD0 /* CellView.swift */ = {isa = PBXFileReference; fileEncoding = 4; lastKnownFileType = sourcecode.swift; path = CellView.swift; sourceTree = "<group>"; };
		A229FB321FB8F98300BDDCD0 /* AddItemController.swift */ = {isa = PBXFileReference; fileEncoding = 4; lastKnownFileType = sourcecode.swift; path = AddItemController.swift; sourceTree = "<group>"; };
		A229FB361FB9032E00BDDCD0 /* DisplayListViewController.swift */ = {isa = PBXFileReference; fileEncoding = 4; lastKnownFileType = sourcecode.swift; path = DisplayListViewController.swift; sourceTree = "<group>"; };
		A229FB381FB912BC00BDDCD0 /* ItemDetailViewController.swift */ = {isa = PBXFileReference; fileEncoding = 4; lastKnownFileType = sourcecode.swift; path = ItemDetailViewController.swift; sourceTree = "<group>"; };
/* End PBXFileReference section */

/* Begin PBXFrameworksBuildPhase section */
		A229FB101FB8F62100BDDCD0 /* Frameworks */ = {
			isa = PBXFrameworksBuildPhase;
			buildActionMask = 2147483647;
			files = (
			);
			runOnlyForDeploymentPostprocessing = 0;
		};
/* End PBXFrameworksBuildPhase section */

/* Begin PBXGroup section */
		A229FB0A1FB8F62100BDDCD0 = {
			isa = PBXGroup;
			children = (
				A229FB151FB8F62100BDDCD0 /* WishListApp */,
				A229FB141FB8F62100BDDCD0 /* Products */,
			);
			sourceTree = "<group>";
		};
		A229FB141FB8F62100BDDCD0 /* Products */ = {
			isa = PBXGroup;
			children = (
				A229FB131FB8F62100BDDCD0 /* WishListApp.app */,
			);
			name = Products;
			sourceTree = "<group>";
		};
		A229FB151FB8F62100BDDCD0 /* WishListApp */ = {
			isa = PBXGroup;
			children = (
				A229FB161FB8F62100BDDCD0 /* AppDelegate.swift */,
				A229FB181FB8F62100BDDCD0 /* ViewController.swift */,
				A229FB1A1FB8F62100BDDCD0 /* Main.storyboard */,
				A229FB1D1FB8F62100BDDCD0 /* Assets.xcassets */,
				A229FB1F1FB8F62100BDDCD0 /* LaunchScreen.storyboard */,
				A229FB221FB8F62100BDDCD0 /* Info.plist */,
				A229FB281FB8F6D900BDDCD0 /* Item.swift */,
				A229FB2A1FB8F70A00BDDCD0 /* Store.swift */,
				A229FB2C1FB8F73300BDDCD0 /* Category.swift */,
				A229FB2E1FB8F79900BDDCD0 /* Cart.swift */,
				A229FB301FB8F7D100BDDCD0 /* CellView.swift */,
				A229FB321FB8F98300BDDCD0 /* AddItemController.swift */,
				A229FB361FB9032E00BDDCD0 /* DisplayListViewController.swift */,
				A229FB381FB912BC00BDDCD0 /* ItemDetailViewController.swift */,
			);
			path = WishListApp;
			sourceTree = "<group>";
		};
/* End PBXGroup section */

/* Begin PBXNativeTarget section */
		A229FB121FB8F62100BDDCD0 /* WishListApp */ = {
			isa = PBXNativeTarget;
			buildConfigurationList = A229FB251FB8F62100BDDCD0 /* Build configuration list for PBXNativeTarget "WishListApp" */;
			buildPhases = (
				A229FB0F1FB8F62100BDDCD0 /* Sources */,
				A229FB101FB8F62100BDDCD0 /* Frameworks */,
				A229FB111FB8F62100BDDCD0 /* Resources */,
			);
			buildRules = (
			);
			dependencies = (
			);
			name = WishListApp;
			productName = WishListApp;
			productReference = A229FB131FB8F62100BDDCD0 /* WishListApp.app */;
			productType = "com.apple.product-type.application";
		};
/* End PBXNativeTarget section */

/* Begin PBXProject section */
		A229FB0B1FB8F62100BDDCD0 /* Project object */ = {
			isa = PBXProject;
			attributes = {
				LastSwiftUpdateCheck = 0830;
				LastUpgradeCheck = 0830;
				ORGANIZATIONNAME = "Pushkar Khedekar";
				TargetAttributes = {
					A229FB121FB8F62100BDDCD0 = {
						CreatedOnToolsVersion = 8.3.3;
						ProvisioningStyle = Automatic;
					};
				};
			};
			buildConfigurationList = A229FB0E1FB8F62100BDDCD0 /* Build configuration list for PBXProject "WishListApp" */;
			compatibilityVersion = "Xcode 3.2";
			developmentRegion = English;
			hasScannedForEncodings = 0;
			knownRegions = (
				en,
				Base,
			);
			mainGroup = A229FB0A1FB8F62100BDDCD0;
			productRefGroup = A229FB141FB8F62100BDDCD0 /* Products */;
			projectDirPath = "";
			projectRoot = "";
			targets = (
				A229FB121FB8F62100BDDCD0 /* WishListApp */,
			);
		};
/* End PBXProject section */

/* Begin PBXResourcesBuildPhase section */
		A229FB111FB8F62100BDDCD0 /* Resources */ = {
			isa = PBXResourcesBuildPhase;
			buildActionMask = 2147483647;
			files = (
				A229FB211FB8F62100BDDCD0 /* LaunchScreen.storyboard in Resources */,
				A229FB1E1FB8F62100BDDCD0 /* Assets.xcassets in Resources */,
				A229FB1C1FB8F62100BDDCD0 /* Main.storyboard in Resources */,
			);
			runOnlyForDeploymentPostprocessing = 0;
		};
/* End PBXResourcesBuildPhase section */

/* Begin PBXSourcesBuildPhase section */
		A229FB0F1FB8F62100BDDCD0 /* Sources */ = {
			isa = PBXSourcesBuildPhase;
			buildActionMask = 2147483647;
			files = (
				A229FB391FB912BC00BDDCD0 /* ItemDetailViewController.swift in Sources */,
				A229FB191FB8F62100BDDCD0 /* ViewController.swift in Sources */,
				A229FB2F1FB8F79900BDDCD0 /* Cart.swift in Sources */,
				A229FB2D1FB8F73300BDDCD0 /* Category.swift in Sources */,
				A229FB291FB8F6D900BDDCD0 /* Item.swift in Sources */,
				A229FB171FB8F62100BDDCD0 /* AppDelegate.swift in Sources */,
				A229FB371FB9032E00BDDCD0 /* DisplayListViewController.swift in Sources */,
				A229FB2B1FB8F70A00BDDCD0 /* Store.swift in Sources */,
				A229FB331FB8F98300BDDCD0 /* AddItemController.swift in Sources */,
				A229FB311FB8F7D100BDDCD0 /* CellView.swift in Sources */,
			);
			runOnlyForDeploymentPostprocessing = 0;
		};
/* End PBXSourcesBuildPhase section */

/* Begin PBXVariantGroup section */
		A229FB1A1FB8F62100BDDCD0 /* Main.storyboard */ = {
			isa = PBXVariantGroup;
			children = (
				A229FB1B1FB8F62100BDDCD0 /* Base */,
			);
			name = Main.storyboard;
			sourceTree = "<group>";
		};
		A229FB1F1FB8F62100BDDCD0 /* LaunchScreen.storyboard */ = {
			isa = PBXVariantGroup;
			children = (
				A229FB201FB8F62100BDDCD0 /* Base */,
			);
			name = LaunchScreen.storyboard;
			sourceTree = "<group>";
		};
/* End PBXVariantGroup section */

/* Begin XCBuildConfiguration section */
		A229FB231FB8F62100BDDCD0 /* Debug */ = {
			isa = XCBuildConfiguration;
			buildSettings = {
				ALWAYS_SEARCH_USER_PATHS = NO;
				CLANG_ANALYZER_NONNULL = YES;
				CLANG_ANALYZER_NUMBER_OBJECT_CONVERSION = YES_AGGRESSIVE;
				CLANG_CXX_LANGUAGE_STANDARD = "gnu++0x";
				CLANG_CXX_LIBRARY = "libc++";
				CLANG_ENABLE_MODULES = YES;
				CLANG_ENABLE_OBJC_ARC = YES;
				CLANG_WARN_BOOL_CONVERSION = YES;
				CLANG_WARN_CONSTANT_CONVERSION = YES;
				CLANG_WARN_DIRECT_OBJC_ISA_USAGE = YES_ERROR;
				CLANG_WARN_DOCUMENTATION_COMMENTS = YES;
				CLANG_WARN_EMPTY_BODY = YES;
				CLANG_WARN_ENUM_CONVERSION = YES;
				CLANG_WARN_INFINITE_RECURSION = YES;
				CLANG_WARN_INT_CONVERSION = YES;
				CLANG_WARN_OBJC_ROOT_CLASS = YES_ERROR;
				CLANG_WARN_SUSPICIOUS_MOVE = YES;
				CLANG_WARN_UNREACHABLE_CODE = YES;
				CLANG_WARN__DUPLICATE_METHOD_MATCH = YES;
				"CODE_SIGN_IDENTITY[sdk=iphoneos*]" = "iPhone Developer";
				COPY_PHASE_STRIP = NO;
				DEBUG_INFORMATION_FORMAT = dwarf;
				ENABLE_STRICT_OBJC_MSGSEND = YES;
				ENABLE_TESTABILITY = YES;
				GCC_C_LANGUAGE_STANDARD = gnu99;
				GCC_DYNAMIC_NO_PIC = NO;
				GCC_NO_COMMON_BLOCKS = YES;
				GCC_OPTIMIZATION_LEVEL = 0;
				GCC_PREPROCESSOR_DEFINITIONS = (
					"DEBUG=1",
					"$(inherited)",
				);
				GCC_WARN_64_TO_32_BIT_CONVERSION = YES;
				GCC_WARN_ABOUT_RETURN_TYPE = YES_ERROR;
				GCC_WARN_UNDECLARED_SELECTOR = YES;
				GCC_WARN_UNINITIALIZED_AUTOS = YES_AGGRESSIVE;
				GCC_WARN_UNUSED_FUNCTION = YES;
				GCC_WARN_UNUSED_VARIABLE = YES;
				IPHONEOS_DEPLOYMENT_TARGET = 10.3;
				MTL_ENABLE_DEBUG_INFO = YES;
				ONLY_ACTIVE_ARCH = YES;
				SDKROOT = iphoneos;
				SWIFT_ACTIVE_COMPILATION_CONDITIONS = DEBUG;
				SWIFT_OPTIMIZATION_LEVEL = "-Onone";
			};
			name = Debug;
		};
		A229FB241FB8F62100BDDCD0 /* Release */ = {
			isa = XCBuildConfiguration;
			buildSettings = {
				ALWAYS_SEARCH_USER_PATHS = NO;
				CLANG_ANALYZER_NONNULL = YES;
				CLANG_ANALYZER_NUMBER_OBJECT_CONVERSION = YES_AGGRESSIVE;
				CLANG_CXX_LANGUAGE_STANDARD = "gnu++0x";
				CLANG_CXX_LIBRARY = "libc++";
				CLANG_ENABLE_MODULES = YES;
				CLANG_ENABLE_OBJC_ARC = YES;
				CLANG_WARN_BOOL_CONVERSION = YES;
				CLANG_WARN_CONSTANT_CONVERSION = YES;
				CLANG_WARN_DIRECT_OBJC_ISA_USAGE = YES_ERROR;
				CLANG_WARN_DOCUMENTATION_COMMENTS = YES;
				CLANG_WARN_EMPTY_BODY = YES;
				CLANG_WARN_ENUM_CONVERSION = YES;
				CLANG_WARN_INFINITE_RECURSION = YES;
				CLANG_WARN_INT_CONVERSION = YES;
				CLANG_WARN_OBJC_ROOT_CLASS = YES_ERROR;
				CLANG_WARN_SUSPICIOUS_MOVE = YES;
				CLANG_WARN_UNREACHABLE_CODE = YES;
				CLANG_WARN__DUPLICATE_METHOD_MATCH = YES;
				"CODE_SIGN_IDENTITY[sdk=iphoneos*]" = "iPhone Developer";
				COPY_PHASE_STRIP = NO;
				DEBUG_INFORMATION_FORMAT = "dwarf-with-dsym";
				ENABLE_NS_ASSERTIONS = NO;
				ENABLE_STRICT_OBJC_MSGSEND = YES;
				GCC_C_LANGUAGE_STANDARD = gnu99;
				GCC_NO_COMMON_BLOCKS = YES;
				GCC_WARN_64_TO_32_BIT_CONVERSION = YES;
				GCC_WARN_ABOUT_RETURN_TYPE = YES_ERROR;
				GCC_WARN_UNDECLARED_SELECTOR = YES;
				GCC_WARN_UNINITIALIZED_AUTOS = YES_AGGRESSIVE;
				GCC_WARN_UNUSED_FUNCTION = YES;
				GCC_WARN_UNUSED_VARIABLE = YES;
				IPHONEOS_DEPLOYMENT_TARGET = 10.3;
				MTL_ENABLE_DEBUG_INFO = NO;
				SDKROOT = iphoneos;
				SWIFT_OPTIMIZATION_LEVEL = "-Owholemodule";
				VALIDATE_PRODUCT = YES;
			};
			name = Release;
		};
		A229FB261FB8F62100BDDCD0 /* Debug */ = {
			isa = XCBuildConfiguration;
			buildSettings = {
				ASSETCATALOG_COMPILER_APPICON_NAME = AppIcon;
				INFOPLIST_FILE = WishListApp/Info.plist;
				LD_RUNPATH_SEARCH_PATHS = "$(inherited) @executable_path/Frameworks";
				PRODUCT_BUNDLE_IDENTIFIER = com.shop.WishListApp;
				PRODUCT_NAME = "$(TARGET_NAME)";
				SWIFT_VERSION = 3.0;
			};
			name = Debug;
		};
		A229FB271FB8F62100BDDCD0 /* Release */ = {
			isa = XCBuildConfiguration;
			buildSettings = {
				ASSETCATALOG_COMPILER_APPICON_NAME = AppIcon;
				INFOPLIST_FILE = WishListApp/Info.plist;
				LD_RUNPATH_SEARCH_PATHS = "$(inherited) @executable_path/Frameworks";
				PRODUCT_BUNDLE_IDENTIFIER = com.shop.WishListApp;
				PRODUCT_NAME = "$(TARGET_NAME)";
				SWIFT_VERSION = 3.0;
			};
			name = Release;
		};
/* End XCBuildConfiguration section */

/* Begin XCConfigurationList section */
		A229FB0E1FB8F62100BDDCD0 /* Build configuration list for PBXProject "WishListApp" */ = {
			isa = XCConfigurationList;
			buildConfigurations = (
				A229FB231FB8F62100BDDCD0 /* Debug */,
				A229FB241FB8F62100BDDCD0 /* Release */,
			);
			defaultConfigurationIsVisible = 0;
			defaultConfigurationName = Release;
		};
		A229FB251FB8F62100BDDCD0 /* Build configuration list for PBXNativeTarget "WishListApp" */ = {
			isa = XCConfigurationList;
			buildConfigurations = (
				A229FB261FB8F62100BDDCD0 /* Debug */,
				A229FB271FB8F62100BDDCD0 /* Release */,
			);
			defaultConfigurationIsVisible = 0;
		};
/* End XCConfigurationList section */
	};
	rootObject = A229FB0B1FB8F62100BDDCD0 /* Project object */;
}
