// !$*UTF8*$!
{
	archiveVersion = 1;
	classes = {
	};
	objectVersion = 46;
	objects = {

/* Begin PBXBuildFile section */
		A2595A4F1F9D09A10095CE5A /* Item.swift in Sources */ = {isa = PBXBuildFile; fileRef = A2595A4E1F9D09A10095CE5A /* Item.swift */; };
		A2595A511F9D09CC0095CE5A /* Store.swift in Sources */ = {isa = PBXBuildFile; fileRef = A2595A501F9D09CC0095CE5A /* Store.swift */; };
		A2595A531F9D0A100095CE5A /* Cart.swift in Sources */ = {isa = PBXBuildFile; fileRef = A2595A521F9D0A100095CE5A /* Cart.swift */; };
		A2595A551F9D0BE40095CE5A /* CreateProductViewController.swift in Sources */ = {isa = PBXBuildFile; fileRef = A2595A541F9D0BE40095CE5A /* CreateProductViewController.swift */; };
		A2595A571F9D36600095CE5A /* ShowProductsViewController.swift in Sources */ = {isa = PBXBuildFile; fileRef = A2595A561F9D36600095CE5A /* ShowProductsViewController.swift */; };
		A282F2C21F9C62BC0097833C /* AppDelegate.swift in Sources */ = {isa = PBXBuildFile; fileRef = A282F2C11F9C62BC0097833C /* AppDelegate.swift */; };
		A282F2C41F9C62BC0097833C /* ViewController.swift in Sources */ = {isa = PBXBuildFile; fileRef = A282F2C31F9C62BC0097833C /* ViewController.swift */; };
		A282F2C91F9C62BC0097833C /* Assets.xcassets in Resources */ = {isa = PBXBuildFile; fileRef = A282F2C81F9C62BC0097833C /* Assets.xcassets */; };
		A282F2CC1F9C62BC0097833C /* LaunchScreen.storyboard in Resources */ = {isa = PBXBuildFile; fileRef = A282F2CA1F9C62BC0097833C /* LaunchScreen.storyboard */; };
		A28C30951F9D601900387591 /* SearchProductsViewController.swift in Sources */ = {isa = PBXBuildFile; fileRef = A28C30941F9D601900387591 /* SearchProductsViewController.swift */; };
		A28C30971F9D626100387591 /* DeleteProductViewController.swift in Sources */ = {isa = PBXBuildFile; fileRef = A28C30961F9D626100387591 /* DeleteProductViewController.swift */; };
		A28C30991F9D961700387591 /* Category.swift in Sources */ = {isa = PBXBuildFile; fileRef = A28C30981F9D961700387591 /* Category.swift */; };
/* End PBXBuildFile section */

/* Begin PBXFileReference section */
		A2595A4E1F9D09A10095CE5A /* Item.swift */ = {isa = PBXFileReference; fileEncoding = 4; lastKnownFileType = sourcecode.swift; path = Item.swift; sourceTree = "<group>"; };
		A2595A501F9D09CC0095CE5A /* Store.swift */ = {isa = PBXFileReference; fileEncoding = 4; lastKnownFileType = sourcecode.swift; path = Store.swift; sourceTree = "<group>"; };
		A2595A521F9D0A100095CE5A /* Cart.swift */ = {isa = PBXFileReference; fileEncoding = 4; lastKnownFileType = sourcecode.swift; path = Cart.swift; sourceTree = "<group>"; };
		A2595A541F9D0BE40095CE5A /* CreateProductViewController.swift */ = {isa = PBXFileReference; fileEncoding = 4; lastKnownFileType = sourcecode.swift; name = CreateProductViewController.swift; path = ../CreateProductViewController.swift; sourceTree = "<group>"; };
		A2595A561F9D36600095CE5A /* ShowProductsViewController.swift */ = {isa = PBXFileReference; fileEncoding = 4; lastKnownFileType = sourcecode.swift; path = ShowProductsViewController.swift; sourceTree = "<group>"; };
		A282F2BE1F9C62BC0097833C /* WishListApp.app */ = {isa = PBXFileReference; explicitFileType = wrapper.application; includeInIndex = 0; path = WishListApp.app; sourceTree = BUILT_PRODUCTS_DIR; };
		A282F2C11F9C62BC0097833C /* AppDelegate.swift */ = {isa = PBXFileReference; lastKnownFileType = sourcecode.swift; path = AppDelegate.swift; sourceTree = "<group>"; };
		A282F2C31F9C62BC0097833C /* ViewController.swift */ = {isa = PBXFileReference; lastKnownFileType = sourcecode.swift; path = ViewController.swift; sourceTree = "<group>"; };
		A282F2C81F9C62BC0097833C /* Assets.xcassets */ = {isa = PBXFileReference; lastKnownFileType = folder.assetcatalog; path = Assets.xcassets; sourceTree = "<group>"; };
		A282F2CB1F9C62BC0097833C /* Base */ = {isa = PBXFileReference; lastKnownFileType = file.storyboard; name = Base; path = Base.lproj/LaunchScreen.storyboard; sourceTree = "<group>"; };
		A282F2CD1F9C62BC0097833C /* Info.plist */ = {isa = PBXFileReference; lastKnownFileType = text.plist.xml; path = Info.plist; sourceTree = "<group>"; };
		A28C30941F9D601900387591 /* SearchProductsViewController.swift */ = {isa = PBXFileReference; fileEncoding = 4; lastKnownFileType = sourcecode.swift; name = SearchProductsViewController.swift; path = ../SearchProductsViewController.swift; sourceTree = "<group>"; };
		A28C30961F9D626100387591 /* DeleteProductViewController.swift */ = {isa = PBXFileReference; fileEncoding = 4; lastKnownFileType = sourcecode.swift; path = DeleteProductViewController.swift; sourceTree = "<group>"; };
		A28C30981F9D961700387591 /* Category.swift */ = {isa = PBXFileReference; fileEncoding = 4; lastKnownFileType = sourcecode.swift; name = Category.swift; path = ../Category.swift; sourceTree = "<group>"; };
/* End PBXFileReference section */

/* Begin PBXFrameworksBuildPhase section */
		A282F2BB1F9C62BC0097833C /* Frameworks */ = {
			isa = PBXFrameworksBuildPhase;
			buildActionMask = 2147483647;
			files = (
			);
			runOnlyForDeploymentPostprocessing = 0;
		};
/* End PBXFrameworksBuildPhase section */

/* Begin PBXGroup section */
		A282F2B51F9C62BC0097833C = {
			isa = PBXGroup;
			children = (
				A282F2C01F9C62BC0097833C /* WishListApp */,
				A282F2BF1F9C62BC0097833C /* Products */,
			);
			sourceTree = "<group>";
		};
		A282F2BF1F9C62BC0097833C /* Products */ = {
			isa = PBXGroup;
			children = (
				A282F2BE1F9C62BC0097833C /* WishListApp.app */,
			);
			name = Products;
			sourceTree = "<group>";
		};
		A282F2C01F9C62BC0097833C /* WishListApp */ = {
			isa = PBXGroup;
			children = (
				A282F2C11F9C62BC0097833C /* AppDelegate.swift */,
				A282F2C31F9C62BC0097833C /* ViewController.swift */,
				A28C30941F9D601900387591 /* SearchProductsViewController.swift */,
				A2595A541F9D0BE40095CE5A /* CreateProductViewController.swift */,
				A28C30961F9D626100387591 /* DeleteProductViewController.swift */,
				A2595A561F9D36600095CE5A /* ShowProductsViewController.swift */,
				A282F2C81F9C62BC0097833C /* Assets.xcassets */,
				A282F2CA1F9C62BC0097833C /* LaunchScreen.storyboard */,
				A282F2CD1F9C62BC0097833C /* Info.plist */,
				A2595A4E1F9D09A10095CE5A /* Item.swift */,
				A28C30981F9D961700387591 /* Category.swift */,
				A2595A501F9D09CC0095CE5A /* Store.swift */,
				A2595A521F9D0A100095CE5A /* Cart.swift */,
			);
			path = WishListApp;
			sourceTree = "<group>";
		};
/* End PBXGroup section */

/* Begin PBXNativeTarget section */
		A282F2BD1F9C62BC0097833C /* WishListApp */ = {
			isa = PBXNativeTarget;
			buildConfigurationList = A282F2D01F9C62BC0097833C /* Build configuration list for PBXNativeTarget "WishListApp" */;
			buildPhases = (
				A282F2BA1F9C62BC0097833C /* Sources */,
				A282F2BB1F9C62BC0097833C /* Frameworks */,
				A282F2BC1F9C62BC0097833C /* Resources */,
			);
			buildRules = (
			);
			dependencies = (
			);
			name = WishListApp;
			productName = WishListApp;
			productReference = A282F2BE1F9C62BC0097833C /* WishListApp.app */;
			productType = "com.apple.product-type.application";
		};
/* End PBXNativeTarget section */

/* Begin PBXProject section */
		A282F2B61F9C62BC0097833C /* Project object */ = {
			isa = PBXProject;
			attributes = {
				LastSwiftUpdateCheck = 0830;
				LastUpgradeCheck = 0830;
				ORGANIZATIONNAME = "Pushkar Khedekar";
				TargetAttributes = {
					A282F2BD1F9C62BC0097833C = {
						CreatedOnToolsVersion = 8.3.3;
						ProvisioningStyle = Automatic;
					};
				};
			};
			buildConfigurationList = A282F2B91F9C62BC0097833C /* Build configuration list for PBXProject "WishListApp" */;
			compatibilityVersion = "Xcode 3.2";
			developmentRegion = English;
			hasScannedForEncodings = 0;
			knownRegions = (
				en,
				Base,
			);
			mainGroup = A282F2B51F9C62BC0097833C;
			productRefGroup = A282F2BF1F9C62BC0097833C /* Products */;
			projectDirPath = "";
			projectRoot = "";
			targets = (
				A282F2BD1F9C62BC0097833C /* WishListApp */,
			);
		};
/* End PBXProject section */

/* Begin PBXResourcesBuildPhase section */
		A282F2BC1F9C62BC0097833C /* Resources */ = {
			isa = PBXResourcesBuildPhase;
			buildActionMask = 2147483647;
			files = (
				A282F2CC1F9C62BC0097833C /* LaunchScreen.storyboard in Resources */,
				A282F2C91F9C62BC0097833C /* Assets.xcassets in Resources */,
			);
			runOnlyForDeploymentPostprocessing = 0;
		};
/* End PBXResourcesBuildPhase section */

/* Begin PBXSourcesBuildPhase section */
		A282F2BA1F9C62BC0097833C /* Sources */ = {
			isa = PBXSourcesBuildPhase;
			buildActionMask = 2147483647;
			files = (
				A28C30971F9D626100387591 /* DeleteProductViewController.swift in Sources */,
				A28C30991F9D961700387591 /* Category.swift in Sources */,
				A282F2C41F9C62BC0097833C /* ViewController.swift in Sources */,
				A2595A4F1F9D09A10095CE5A /* Item.swift in Sources */,
				A2595A571F9D36600095CE5A /* ShowProductsViewController.swift in Sources */,
				A2595A551F9D0BE40095CE5A /* CreateProductViewController.swift in Sources */,
				A2595A531F9D0A100095CE5A /* Cart.swift in Sources */,
				A282F2C21F9C62BC0097833C /* AppDelegate.swift in Sources */,
				A28C30951F9D601900387591 /* SearchProductsViewController.swift in Sources */,
				A2595A511F9D09CC0095CE5A /* Store.swift in Sources */,
			);
			runOnlyForDeploymentPostprocessing = 0;
		};
/* End PBXSourcesBuildPhase section */

/* Begin PBXVariantGroup section */
		A282F2CA1F9C62BC0097833C /* LaunchScreen.storyboard */ = {
			isa = PBXVariantGroup;
			children = (
				A282F2CB1F9C62BC0097833C /* Base */,
			);
			name = LaunchScreen.storyboard;
			sourceTree = "<group>";
		};
/* End PBXVariantGroup section */

/* Begin XCBuildConfiguration section */
		A282F2CE1F9C62BC0097833C /* Debug */ = {
			isa = XCBuildConfiguration;
			buildSettings = {
				ALWAYS_SEARCH_USER_PATHS = NO;
				CLANG_ANALYZER_NONNULL = YES;
				CLANG_ANALYZER_NUMBER_OBJECT_CONVERSION = YES_AGGRESSIVE;
				CLANG_CXX_LANGUAGE_STANDARD = "gnu++0x";
				CLANG_CXX_LIBRARY = "libc++";
				CLANG_ENABLE_MODULES = YES;
				CLANG_ENABLE_OBJC_ARC = YES;
				CLANG_WARN_BOOL_CONVERSION = YES;
				CLANG_WARN_CONSTANT_CONVERSION = YES;
				CLANG_WARN_DIRECT_OBJC_ISA_USAGE = YES_ERROR;
				CLANG_WARN_DOCUMENTATION_COMMENTS = YES;
				CLANG_WARN_EMPTY_BODY = YES;
				CLANG_WARN_ENUM_CONVERSION = YES;
				CLANG_WARN_INFINITE_RECURSION = YES;
				CLANG_WARN_INT_CONVERSION = YES;
				CLANG_WARN_OBJC_ROOT_CLASS = YES_ERROR;
				CLANG_WARN_SUSPICIOUS_MOVE = YES;
				CLANG_WARN_UNREACHABLE_CODE = YES;
				CLANG_WARN__DUPLICATE_METHOD_MATCH = YES;
				"CODE_SIGN_IDENTITY[sdk=iphoneos*]" = "iPhone Developer";
				COPY_PHASE_STRIP = NO;
				DEBUG_INFORMATION_FORMAT = dwarf;
				ENABLE_STRICT_OBJC_MSGSEND = YES;
				ENABLE_TESTABILITY = YES;
				GCC_C_LANGUAGE_STANDARD = gnu99;
				GCC_DYNAMIC_NO_PIC = NO;
				GCC_NO_COMMON_BLOCKS = YES;
				GCC_OPTIMIZATION_LEVEL = 0;
				GCC_PREPROCESSOR_DEFINITIONS = (
					"DEBUG=1",
					"$(inherited)",
				);
				GCC_WARN_64_TO_32_BIT_CONVERSION = YES;
				GCC_WARN_ABOUT_RETURN_TYPE = YES_ERROR;
				GCC_WARN_UNDECLARED_SELECTOR = YES;
				GCC_WARN_UNINITIALIZED_AUTOS = YES_AGGRESSIVE;
				GCC_WARN_UNUSED_FUNCTION = YES;
				GCC_WARN_UNUSED_VARIABLE = YES;
				IPHONEOS_DEPLOYMENT_TARGET = 10.3;
				MTL_ENABLE_DEBUG_INFO = YES;
				ONLY_ACTIVE_ARCH = YES;
				SDKROOT = iphoneos;
				SWIFT_ACTIVE_COMPILATION_CONDITIONS = DEBUG;
				SWIFT_OPTIMIZATION_LEVEL = "-Onone";
				TARGETED_DEVICE_FAMILY = "1,2";
			};
			name = Debug;
		};
		A282F2CF1F9C62BC0097833C /* Release */ = {
			isa = XCBuildConfiguration;
			buildSettings = {
				ALWAYS_SEARCH_USER_PATHS = NO;
				CLANG_ANALYZER_NONNULL = YES;
				CLANG_ANALYZER_NUMBER_OBJECT_CONVERSION = YES_AGGRESSIVE;
				CLANG_CXX_LANGUAGE_STANDARD = "gnu++0x";
				CLANG_CXX_LIBRARY = "libc++";
				CLANG_ENABLE_MODULES = YES;
				CLANG_ENABLE_OBJC_ARC = YES;
				CLANG_WARN_BOOL_CONVERSION = YES;
				CLANG_WARN_CONSTANT_CONVERSION = YES;
				CLANG_WARN_DIRECT_OBJC_ISA_USAGE = YES_ERROR;
				CLANG_WARN_DOCUMENTATION_COMMENTS = YES;
				CLANG_WARN_EMPTY_BODY = YES;
				CLANG_WARN_ENUM_CONVERSION = YES;
				CLANG_WARN_INFINITE_RECURSION = YES;
				CLANG_WARN_INT_CONVERSION = YES;
				CLANG_WARN_OBJC_ROOT_CLASS = YES_ERROR;
				CLANG_WARN_SUSPICIOUS_MOVE = YES;
				CLANG_WARN_UNREACHABLE_CODE = YES;
				CLANG_WARN__DUPLICATE_METHOD_MATCH = YES;
				"CODE_SIGN_IDENTITY[sdk=iphoneos*]" = "iPhone Developer";
				COPY_PHASE_STRIP = NO;
				DEBUG_INFORMATION_FORMAT = "dwarf-with-dsym";
				ENABLE_NS_ASSERTIONS = NO;
				ENABLE_STRICT_OBJC_MSGSEND = YES;
				GCC_C_LANGUAGE_STANDARD = gnu99;
				GCC_NO_COMMON_BLOCKS = YES;
				GCC_WARN_64_TO_32_BIT_CONVERSION = YES;
				GCC_WARN_ABOUT_RETURN_TYPE = YES_ERROR;
				GCC_WARN_UNDECLARED_SELECTOR = YES;
				GCC_WARN_UNINITIALIZED_AUTOS = YES_AGGRESSIVE;
				GCC_WARN_UNUSED_FUNCTION = YES;
				GCC_WARN_UNUSED_VARIABLE = YES;
				IPHONEOS_DEPLOYMENT_TARGET = 10.3;
				MTL_ENABLE_DEBUG_INFO = NO;
				SDKROOT = iphoneos;
				SWIFT_OPTIMIZATION_LEVEL = "-Owholemodule";
				TARGETED_DEVICE_FAMILY = "1,2";
				VALIDATE_PRODUCT = YES;
			};
			name = Release;
		};
		A282F2D11F9C62BC0097833C /* Debug */ = {
			isa = XCBuildConfiguration;
			buildSettings = {
				ASSETCATALOG_COMPILER_APPICON_NAME = AppIcon;
				INFOPLIST_FILE = WishListApp/Info.plist;
				LD_RUNPATH_SEARCH_PATHS = "$(inherited) @executable_path/Frameworks";
				PRODUCT_BUNDLE_IDENTIFIER = com.shop.WishListApp;
				PRODUCT_NAME = "$(TARGET_NAME)";
				SWIFT_VERSION = 3.0;
			};
			name = Debug;
		};
		A282F2D21F9C62BC0097833C /* Release */ = {
			isa = XCBuildConfiguration;
			buildSettings = {
				ASSETCATALOG_COMPILER_APPICON_NAME = AppIcon;
				INFOPLIST_FILE = WishListApp/Info.plist;
				LD_RUNPATH_SEARCH_PATHS = "$(inherited) @executable_path/Frameworks";
				PRODUCT_BUNDLE_IDENTIFIER = com.shop.WishListApp;
				PRODUCT_NAME = "$(TARGET_NAME)";
				SWIFT_VERSION = 3.0;
			};
			name = Release;
		};
/* End XCBuildConfiguration section */

/* Begin XCConfigurationList section */
		A282F2B91F9C62BC0097833C /* Build configuration list for PBXProject "WishListApp" */ = {
			isa = XCConfigurationList;
			buildConfigurations = (
				A282F2CE1F9C62BC0097833C /* Debug */,
				A282F2CF1F9C62BC0097833C /* Release */,
			);
			defaultConfigurationIsVisible = 0;
			defaultConfigurationName = Release;
		};
		A282F2D01F9C62BC0097833C /* Build configuration list for PBXNativeTarget "WishListApp" */ = {
			isa = XCConfigurationList;
			buildConfigurations = (
				A282F2D11F9C62BC0097833C /* Debug */,
				A282F2D21F9C62BC0097833C /* Release */,
			);
			defaultConfigurationIsVisible = 0;
			defaultConfigurationName = Release;
		};
/* End XCConfigurationList section */
	};
	rootObject = A282F2B61F9C62BC0097833C /* Project object */;
}
